// !$*UTF8*$!
{
	archiveVersion = 1;
	classes = {
	};
	objectVersion = 56;
	objects = {

/* Begin PBXBuildFile section */
		AA2C63192A7C7C7300842241 /* Launch Screen.storyboard in Resources */ = {isa = PBXBuildFile; fileRef = AA2C63182A7C7C7300842241 /* Launch Screen.storyboard */; };
		AA86617A2A782942009444C0 /* ToDoListApp.swift in Sources */ = {isa = PBXBuildFile; fileRef = AA8661792A782942009444C0 /* ToDoListApp.swift */; };
		AA86617C2A782942009444C0 /* MainView.swift in Sources */ = {isa = PBXBuildFile; fileRef = AA86617B2A782942009444C0 /* MainView.swift */; };
		AA86617E2A782944009444C0 /* Assets.xcassets in Resources */ = {isa = PBXBuildFile; fileRef = AA86617D2A782944009444C0 /* Assets.xcassets */; };
		AA8661812A782944009444C0 /* Preview Assets.xcassets in Resources */ = {isa = PBXBuildFile; fileRef = AA8661802A782944009444C0 /* Preview Assets.xcassets */; };
		AA86618B2A782944009444C0 /* ToDoListTests.swift in Sources */ = {isa = PBXBuildFile; fileRef = AA86618A2A782944009444C0 /* ToDoListTests.swift */; };
		AA8661952A782944009444C0 /* ToDoListUITests.swift in Sources */ = {isa = PBXBuildFile; fileRef = AA8661942A782944009444C0 /* ToDoListUITests.swift */; };
		AA8661972A782944009444C0 /* ToDoListUITestsLaunchTests.swift in Sources */ = {isa = PBXBuildFile; fileRef = AA8661962A782944009444C0 /* ToDoListUITestsLaunchTests.swift */; };
		AA8661A52A782A32009444C0 /* FirebaseAuth in Frameworks */ = {isa = PBXBuildFile; productRef = AA8661A42A782A32009444C0 /* FirebaseAuth */; };
		AA8661A72A782A32009444C0 /* FirebaseFirestore in Frameworks */ = {isa = PBXBuildFile; productRef = AA8661A62A782A32009444C0 /* FirebaseFirestore */; };
		AA8661A92A782A32009444C0 /* FirebaseFirestoreSwift in Frameworks */ = {isa = PBXBuildFile; productRef = AA8661A82A782A32009444C0 /* FirebaseFirestoreSwift */; };
		AA8661AB2A782B81009444C0 /* GoogleService-Info.plist in Resources */ = {isa = PBXBuildFile; fileRef = AA8661AA2A782B81009444C0 /* GoogleService-Info.plist */; };
		AA8661B22A782E94009444C0 /* ProfileView.swift in Sources */ = {isa = PBXBuildFile; fileRef = AA8661B12A782E94009444C0 /* ProfileView.swift */; };
		AA8661B42A782EA7009444C0 /* ToDoListView.swift in Sources */ = {isa = PBXBuildFile; fileRef = AA8661B32A782EA7009444C0 /* ToDoListView.swift */; };
		AA8661B62A782EBC009444C0 /* NewItemView.swift in Sources */ = {isa = PBXBuildFile; fileRef = AA8661B52A782EBC009444C0 /* NewItemView.swift */; };
		AA8661B82A782EC8009444C0 /* LoginView.swift in Sources */ = {isa = PBXBuildFile; fileRef = AA8661B72A782EC8009444C0 /* LoginView.swift */; };
		AA8661BA2A782ED6009444C0 /* RegisterView.swift in Sources */ = {isa = PBXBuildFile; fileRef = AA8661B92A782ED6009444C0 /* RegisterView.swift */; };
		AA8661BE2A782F34009444C0 /* ToDoListItemView.swift in Sources */ = {isa = PBXBuildFile; fileRef = AA8661BD2A782F34009444C0 /* ToDoListItemView.swift */; };
		AA8661C02A782FAD009444C0 /* User.swift in Sources */ = {isa = PBXBuildFile; fileRef = AA8661BF2A782FAD009444C0 /* User.swift */; };
		AA8661C22A782FC8009444C0 /* ToDoListItem.swift in Sources */ = {isa = PBXBuildFile; fileRef = AA8661C12A782FC8009444C0 /* ToDoListItem.swift */; };
		AA8661C42A782FE5009444C0 /* MainViewViewModel.swift in Sources */ = {isa = PBXBuildFile; fileRef = AA8661C32A782FE5009444C0 /* MainViewViewModel.swift */; };
		AA8661C62A782FFC009444C0 /* ProfileViewViewModel.swift in Sources */ = {isa = PBXBuildFile; fileRef = AA8661C52A782FFC009444C0 /* ProfileViewViewModel.swift */; };
		AA8661C82A783031009444C0 /* ToDoListItemViewViewModel.swift in Sources */ = {isa = PBXBuildFile; fileRef = AA8661C72A783031009444C0 /* ToDoListItemViewViewModel.swift */; };
		AA8661CA2A783041009444C0 /* NewItemViewViewModel.swift in Sources */ = {isa = PBXBuildFile; fileRef = AA8661C92A783041009444C0 /* NewItemViewViewModel.swift */; };
		AA8661CC2A78304E009444C0 /* LoginViewViewMdel.swift in Sources */ = {isa = PBXBuildFile; fileRef = AA8661CB2A78304E009444C0 /* LoginViewViewMdel.swift */; };
		AA8661CE2A78305F009444C0 /* RegisterViewViewModel.swift in Sources */ = {isa = PBXBuildFile; fileRef = AA8661CD2A78305F009444C0 /* RegisterViewViewModel.swift */; };
		AA8661D02A7830CE009444C0 /* ToDoListViewViewmodel.swift in Sources */ = {isa = PBXBuildFile; fileRef = AA8661CF2A7830CE009444C0 /* ToDoListViewViewmodel.swift */; };
		AA8661D22A7836CB009444C0 /* HeaderView.swift in Sources */ = {isa = PBXBuildFile; fileRef = AA8661D12A7836CB009444C0 /* HeaderView.swift */; };
		AA8661D42A7844A5009444C0 /* TLButton.swift in Sources */ = {isa = PBXBuildFile; fileRef = AA8661D32A7844A5009444C0 /* TLButton.swift */; };
		AA8661D62A78D1A9009444C0 /* Extentions.swift in Sources */ = {isa = PBXBuildFile; fileRef = AA8661D52A78D1A9009444C0 /* Extentions.swift */; };
/* End PBXBuildFile section */

/* Begin PBXContainerItemProxy section */
		AA8661872A782944009444C0 /* PBXContainerItemProxy */ = {
			isa = PBXContainerItemProxy;
			containerPortal = AA86616E2A782942009444C0 /* Project object */;
			proxyType = 1;
			remoteGlobalIDString = AA8661752A782942009444C0;
			remoteInfo = ToDoList;
		};
		AA8661912A782944009444C0 /* PBXContainerItemProxy */ = {
			isa = PBXContainerItemProxy;
			containerPortal = AA86616E2A782942009444C0 /* Project object */;
			proxyType = 1;
			remoteGlobalIDString = AA8661752A782942009444C0;
			remoteInfo = ToDoList;
		};
/* End PBXContainerItemProxy section */

/* Begin PBXFileReference section */
		AA2C63182A7C7C7300842241 /* Launch Screen.storyboard */ = {isa = PBXFileReference; lastKnownFileType = file.storyboard; path = "Launch Screen.storyboard"; sourceTree = "<group>"; };
		AA8661762A782942009444C0 /* ToDoList.app */ = {isa = PBXFileReference; explicitFileType = wrapper.application; includeInIndex = 0; path = ToDoList.app; sourceTree = BUILT_PRODUCTS_DIR; };
		AA8661792A782942009444C0 /* ToDoListApp.swift */ = {isa = PBXFileReference; lastKnownFileType = sourcecode.swift; path = ToDoListApp.swift; sourceTree = "<group>"; };
		AA86617B2A782942009444C0 /* MainView.swift */ = {isa = PBXFileReference; lastKnownFileType = sourcecode.swift; path = MainView.swift; sourceTree = "<group>"; };
		AA86617D2A782944009444C0 /* Assets.xcassets */ = {isa = PBXFileReference; lastKnownFileType = folder.assetcatalog; path = Assets.xcassets; sourceTree = "<group>"; };
		AA8661802A782944009444C0 /* Preview Assets.xcassets */ = {isa = PBXFileReference; lastKnownFileType = folder.assetcatalog; path = "Preview Assets.xcassets"; sourceTree = "<group>"; };
		AA8661862A782944009444C0 /* ToDoListTests.xctest */ = {isa = PBXFileReference; explicitFileType = wrapper.cfbundle; includeInIndex = 0; path = ToDoListTests.xctest; sourceTree = BUILT_PRODUCTS_DIR; };
		AA86618A2A782944009444C0 /* ToDoListTests.swift */ = {isa = PBXFileReference; lastKnownFileType = sourcecode.swift; path = ToDoListTests.swift; sourceTree = "<group>"; };
		AA8661902A782944009444C0 /* ToDoListUITests.xctest */ = {isa = PBXFileReference; explicitFileType = wrapper.cfbundle; includeInIndex = 0; path = ToDoListUITests.xctest; sourceTree = BUILT_PRODUCTS_DIR; };
		AA8661942A782944009444C0 /* ToDoListUITests.swift */ = {isa = PBXFileReference; lastKnownFileType = sourcecode.swift; path = ToDoListUITests.swift; sourceTree = "<group>"; };
		AA8661962A782944009444C0 /* ToDoListUITestsLaunchTests.swift */ = {isa = PBXFileReference; lastKnownFileType = sourcecode.swift; path = ToDoListUITestsLaunchTests.swift; sourceTree = "<group>"; };
		AA8661AA2A782B81009444C0 /* GoogleService-Info.plist */ = {isa = PBXFileReference; fileEncoding = 4; lastKnownFileType = text.plist.xml; path = "GoogleService-Info.plist"; sourceTree = "<group>"; };
		AA8661B12A782E94009444C0 /* ProfileView.swift */ = {isa = PBXFileReference; lastKnownFileType = sourcecode.swift; path = ProfileView.swift; sourceTree = "<group>"; };
		AA8661B32A782EA7009444C0 /* ToDoListView.swift */ = {isa = PBXFileReference; lastKnownFileType = sourcecode.swift; path = ToDoListView.swift; sourceTree = "<group>"; };
		AA8661B52A782EBC009444C0 /* NewItemView.swift */ = {isa = PBXFileReference; lastKnownFileType = sourcecode.swift; path = NewItemView.swift; sourceTree = "<group>"; };
		AA8661B72A782EC8009444C0 /* LoginView.swift */ = {isa = PBXFileReference; lastKnownFileType = sourcecode.swift; path = LoginView.swift; sourceTree = "<group>"; };
		AA8661B92A782ED6009444C0 /* RegisterView.swift */ = {isa = PBXFileReference; lastKnownFileType = sourcecode.swift; path = RegisterView.swift; sourceTree = "<group>"; };
		AA8661BD2A782F34009444C0 /* ToDoListItemView.swift */ = {isa = PBXFileReference; lastKnownFileType = sourcecode.swift; path = ToDoListItemView.swift; sourceTree = "<group>"; };
		AA8661BF2A782FAD009444C0 /* User.swift */ = {isa = PBXFileReference; lastKnownFileType = sourcecode.swift; path = User.swift; sourceTree = "<group>"; };
		AA8661C12A782FC8009444C0 /* ToDoListItem.swift */ = {isa = PBXFileReference; lastKnownFileType = sourcecode.swift; path = ToDoListItem.swift; sourceTree = "<group>"; };
		AA8661C32A782FE5009444C0 /* MainViewViewModel.swift */ = {isa = PBXFileReference; lastKnownFileType = sourcecode.swift; path = MainViewViewModel.swift; sourceTree = "<group>"; };
		AA8661C52A782FFC009444C0 /* ProfileViewViewModel.swift */ = {isa = PBXFileReference; lastKnownFileType = sourcecode.swift; path = ProfileViewViewModel.swift; sourceTree = "<group>"; };
		AA8661C72A783031009444C0 /* ToDoListItemViewViewModel.swift */ = {isa = PBXFileReference; lastKnownFileType = sourcecode.swift; path = ToDoListItemViewViewModel.swift; sourceTree = "<group>"; };
		AA8661C92A783041009444C0 /* NewItemViewViewModel.swift */ = {isa = PBXFileReference; lastKnownFileType = sourcecode.swift; path = NewItemViewViewModel.swift; sourceTree = "<group>"; };
		AA8661CB2A78304E009444C0 /* LoginViewViewMdel.swift */ = {isa = PBXFileReference; lastKnownFileType = sourcecode.swift; path = LoginViewViewMdel.swift; sourceTree = "<group>"; };
		AA8661CD2A78305F009444C0 /* RegisterViewViewModel.swift */ = {isa = PBXFileReference; lastKnownFileType = sourcecode.swift; path = RegisterViewViewModel.swift; sourceTree = "<group>"; };
		AA8661CF2A7830CE009444C0 /* ToDoListViewViewmodel.swift */ = {isa = PBXFileReference; lastKnownFileType = sourcecode.swift; path = ToDoListViewViewmodel.swift; sourceTree = "<group>"; };
		AA8661D12A7836CB009444C0 /* HeaderView.swift */ = {isa = PBXFileReference; lastKnownFileType = sourcecode.swift; path = HeaderView.swift; sourceTree = "<group>"; };
		AA8661D32A7844A5009444C0 /* TLButton.swift */ = {isa = PBXFileReference; lastKnownFileType = sourcecode.swift; path = TLButton.swift; sourceTree = "<group>"; };
		AA8661D52A78D1A9009444C0 /* Extentions.swift */ = {isa = PBXFileReference; lastKnownFileType = sourcecode.swift; path = Extentions.swift; sourceTree = "<group>"; };
/* End PBXFileReference section */

/* Begin PBXFrameworksBuildPhase section */
		AA8661732A782942009444C0 /* Frameworks */ = {
			isa = PBXFrameworksBuildPhase;
			buildActionMask = 2147483647;
			files = (
				AA8661A52A782A32009444C0 /* FirebaseAuth in Frameworks */,
				AA8661A72A782A32009444C0 /* FirebaseFirestore in Frameworks */,
				AA8661A92A782A32009444C0 /* FirebaseFirestoreSwift in Frameworks */,
			);
			runOnlyForDeploymentPostprocessing = 0;
		};
		AA8661832A782944009444C0 /* Frameworks */ = {
			isa = PBXFrameworksBuildPhase;
			buildActionMask = 2147483647;
			files = (
			);
			runOnlyForDeploymentPostprocessing = 0;
		};
		AA86618D2A782944009444C0 /* Frameworks */ = {
			isa = PBXFrameworksBuildPhase;
			buildActionMask = 2147483647;
			files = (
			);
			runOnlyForDeploymentPostprocessing = 0;
		};
/* End PBXFrameworksBuildPhase section */

/* Begin PBXGroup section */
		AA86616D2A782942009444C0 = {
			isa = PBXGroup;
			children = (
				AA8661782A782942009444C0 /* ToDoList */,
				AA8661892A782944009444C0 /* ToDoListTests */,
				AA8661932A782944009444C0 /* ToDoListUITests */,
				AA8661772A782942009444C0 /* Products */,
			);
			sourceTree = "<group>";
		};
		AA8661772A782942009444C0 /* Products */ = {
			isa = PBXGroup;
			children = (
				AA8661762A782942009444C0 /* ToDoList.app */,
				AA8661862A782944009444C0 /* ToDoListTests.xctest */,
				AA8661902A782944009444C0 /* ToDoListUITests.xctest */,
			);
			name = Products;
			sourceTree = "<group>";
		};
		AA8661782A782942009444C0 /* ToDoList */ = {
			isa = PBXGroup;
			children = (
				AA8661AF2A782D4D009444C0 /* Other */,
				AA8661AE2A782D0C009444C0 /* Models */,
				AA8661AD2A782D09009444C0 /* ViewModel */,
				AA8661AC2A782CEB009444C0 /* Views */,
				AA86617F2A782944009444C0 /* Preview Content */,
			);
			path = ToDoList;
			sourceTree = "<group>";
		};
		AA86617F2A782944009444C0 /* Preview Content */ = {
			isa = PBXGroup;
			children = (
				AA8661802A782944009444C0 /* Preview Assets.xcassets */,
			);
			path = "Preview Content";
			sourceTree = "<group>";
		};
		AA8661892A782944009444C0 /* ToDoListTests */ = {
			isa = PBXGroup;
			children = (
				AA86618A2A782944009444C0 /* ToDoListTests.swift */,
			);
			path = ToDoListTests;
			sourceTree = "<group>";
		};
		AA8661932A782944009444C0 /* ToDoListUITests */ = {
			isa = PBXGroup;
			children = (
				AA8661942A782944009444C0 /* ToDoListUITests.swift */,
				AA8661962A782944009444C0 /* ToDoListUITestsLaunchTests.swift */,
			);
			path = ToDoListUITests;
			sourceTree = "<group>";
		};
		AA8661AC2A782CEB009444C0 /* Views */ = {
			isa = PBXGroup;
			children = (
				AA86617B2A782942009444C0 /* MainView.swift */,
				AA8661B12A782E94009444C0 /* ProfileView.swift */,
				AA8661B32A782EA7009444C0 /* ToDoListView.swift */,
				AA8661B52A782EBC009444C0 /* NewItemView.swift */,
				AA8661B72A782EC8009444C0 /* LoginView.swift */,
				AA8661B92A782ED6009444C0 /* RegisterView.swift */,
				AA8661BD2A782F34009444C0 /* ToDoListItemView.swift */,
				AA8661D12A7836CB009444C0 /* HeaderView.swift */,
				AA8661D32A7844A5009444C0 /* TLButton.swift */,
			);
			path = Views;
			sourceTree = "<group>";
		};
		AA8661AD2A782D09009444C0 /* ViewModel */ = {
			isa = PBXGroup;
			children = (
				AA8661C32A782FE5009444C0 /* MainViewViewModel.swift */,
				AA8661C52A782FFC009444C0 /* ProfileViewViewModel.swift */,
				AA8661C92A783041009444C0 /* NewItemViewViewModel.swift */,
				AA8661CB2A78304E009444C0 /* LoginViewViewMdel.swift */,
				AA8661CD2A78305F009444C0 /* RegisterViewViewModel.swift */,
				AA8661C72A783031009444C0 /* ToDoListItemViewViewModel.swift */,
				AA8661CF2A7830CE009444C0 /* ToDoListViewViewmodel.swift */,
			);
			path = ViewModel;
			sourceTree = "<group>";
		};
		AA8661AE2A782D0C009444C0 /* Models */ = {
			isa = PBXGroup;
			children = (
				AA8661BF2A782FAD009444C0 /* User.swift */,
				AA8661C12A782FC8009444C0 /* ToDoListItem.swift */,
			);
			path = Models;
			sourceTree = "<group>";
		};
		AA8661AF2A782D4D009444C0 /* Other */ = {
			isa = PBXGroup;
			children = (
				AA86617D2A782944009444C0 /* Assets.xcassets */,
				AA8661AA2A782B81009444C0 /* GoogleService-Info.plist */,
				AA8661792A782942009444C0 /* ToDoListApp.swift */,
				AA8661D52A78D1A9009444C0 /* Extentions.swift */,
				AA2C63182A7C7C7300842241 /* Launch Screen.storyboard */,
			);
			path = Other;
			sourceTree = "<group>";
		};
/* End PBXGroup section */

/* Begin PBXNativeTarget section */
		AA8661752A782942009444C0 /* ToDoList */ = {
			isa = PBXNativeTarget;
			buildConfigurationList = AA86619A2A782944009444C0 /* Build configuration list for PBXNativeTarget "ToDoList" */;
			buildPhases = (
				AA8661722A782942009444C0 /* Sources */,
				AA8661732A782942009444C0 /* Frameworks */,
				AA8661742A782942009444C0 /* Resources */,
			);
			buildRules = (
			);
			dependencies = (
			);
			name = ToDoList;
			packageProductDependencies = (
				AA8661A42A782A32009444C0 /* FirebaseAuth */,
				AA8661A62A782A32009444C0 /* FirebaseFirestore */,
				AA8661A82A782A32009444C0 /* FirebaseFirestoreSwift */,
			);
			productName = ToDoList;
			productReference = AA8661762A782942009444C0 /* ToDoList.app */;
			productType = "com.apple.product-type.application";
		};
		AA8661852A782944009444C0 /* ToDoListTests */ = {
			isa = PBXNativeTarget;
			buildConfigurationList = AA86619D2A782944009444C0 /* Build configuration list for PBXNativeTarget "ToDoListTests" */;
			buildPhases = (
				AA8661822A782944009444C0 /* Sources */,
				AA8661832A782944009444C0 /* Frameworks */,
				AA8661842A782944009444C0 /* Resources */,
			);
			buildRules = (
			);
			dependencies = (
				AA8661882A782944009444C0 /* PBXTargetDependency */,
			);
			name = ToDoListTests;
			productName = ToDoListTests;
			productReference = AA8661862A782944009444C0 /* ToDoListTests.xctest */;
			productType = "com.apple.product-type.bundle.unit-test";
		};
		AA86618F2A782944009444C0 /* ToDoListUITests */ = {
			isa = PBXNativeTarget;
			buildConfigurationList = AA8661A02A782944009444C0 /* Build configuration list for PBXNativeTarget "ToDoListUITests" */;
			buildPhases = (
				AA86618C2A782944009444C0 /* Sources */,
				AA86618D2A782944009444C0 /* Frameworks */,
				AA86618E2A782944009444C0 /* Resources */,
			);
			buildRules = (
			);
			dependencies = (
				AA8661922A782944009444C0 /* PBXTargetDependency */,
			);
			name = ToDoListUITests;
			productName = ToDoListUITests;
			productReference = AA8661902A782944009444C0 /* ToDoListUITests.xctest */;
			productType = "com.apple.product-type.bundle.ui-testing";
		};
/* End PBXNativeTarget section */

/* Begin PBXProject section */
		AA86616E2A782942009444C0 /* Project object */ = {
			isa = PBXProject;
			attributes = {
				BuildIndependentTargetsInParallel = 1;
				LastSwiftUpdateCheck = 1430;
				LastUpgradeCheck = 1430;
				TargetAttributes = {
					AA8661752A782942009444C0 = {
						CreatedOnToolsVersion = 14.3;
					};
					AA8661852A782944009444C0 = {
						CreatedOnToolsVersion = 14.3;
						TestTargetID = AA8661752A782942009444C0;
					};
					AA86618F2A782944009444C0 = {
						CreatedOnToolsVersion = 14.3;
						TestTargetID = AA8661752A782942009444C0;
					};
				};
			};
			buildConfigurationList = AA8661712A782942009444C0 /* Build configuration list for PBXProject "ToDoList" */;
			compatibilityVersion = "Xcode 14.0";
			developmentRegion = en;
			hasScannedForEncodings = 0;
			knownRegions = (
				en,
				Base,
			);
			mainGroup = AA86616D2A782942009444C0;
			packageReferences = (
				AA8661A32A782A32009444C0 /* XCRemoteSwiftPackageReference "firebase-ios-sdk" */,
			);
			productRefGroup = AA8661772A782942009444C0 /* Products */;
			projectDirPath = "";
			projectRoot = "";
			targets = (
				AA8661752A782942009444C0 /* ToDoList */,
				AA8661852A782944009444C0 /* ToDoListTests */,
				AA86618F2A782944009444C0 /* ToDoListUITests */,
			);
		};
/* End PBXProject section */

/* Begin PBXResourcesBuildPhase section */
		AA8661742A782942009444C0 /* Resources */ = {
			isa = PBXResourcesBuildPhase;
			buildActionMask = 2147483647;
			files = (
				AA8661812A782944009444C0 /* Preview Assets.xcassets in Resources */,
				AA86617E2A782944009444C0 /* Assets.xcassets in Resources */,
				AA2C63192A7C7C7300842241 /* Launch Screen.storyboard in Resources */,
				AA8661AB2A782B81009444C0 /* GoogleService-Info.plist in Resources */,
			);
			runOnlyForDeploymentPostprocessing = 0;
		};
		AA8661842A782944009444C0 /* Resources */ = {
			isa = PBXResourcesBuildPhase;
			buildActionMask = 2147483647;
			files = (
			);
			runOnlyForDeploymentPostprocessing = 0;
		};
		AA86618E2A782944009444C0 /* Resources */ = {
			isa = PBXResourcesBuildPhase;
			buildActionMask = 2147483647;
			files = (
			);
			runOnlyForDeploymentPostprocessing = 0;
		};
/* End PBXResourcesBuildPhase section */

/* Begin PBXSourcesBuildPhase section */
		AA8661722A782942009444C0 /* Sources */ = {
			isa = PBXSourcesBuildPhase;
			buildActionMask = 2147483647;
			files = (
				AA8661B82A782EC8009444C0 /* LoginView.swift in Sources */,
				AA8661D22A7836CB009444C0 /* HeaderView.swift in Sources */,
				AA86617C2A782942009444C0 /* MainView.swift in Sources */,
				AA8661CE2A78305F009444C0 /* RegisterViewViewModel.swift in Sources */,
				AA8661C42A782FE5009444C0 /* MainViewViewModel.swift in Sources */,
				AA8661B22A782E94009444C0 /* ProfileView.swift in Sources */,
				AA8661BA2A782ED6009444C0 /* RegisterView.swift in Sources */,
				AA8661D42A7844A5009444C0 /* TLButton.swift in Sources */,
				AA8661D02A7830CE009444C0 /* ToDoListViewViewmodel.swift in Sources */,
				AA8661C62A782FFC009444C0 /* ProfileViewViewModel.swift in Sources */,
				AA8661B42A782EA7009444C0 /* ToDoListView.swift in Sources */,
				AA8661CC2A78304E009444C0 /* LoginViewViewMdel.swift in Sources */,
				AA8661D62A78D1A9009444C0 /* Extentions.swift in Sources */,
				AA8661C02A782FAD009444C0 /* User.swift in Sources */,
				AA86617A2A782942009444C0 /* ToDoListApp.swift in Sources */,
				AA8661C82A783031009444C0 /* ToDoListItemViewViewModel.swift in Sources */,
				AA8661BE2A782F34009444C0 /* ToDoListItemView.swift in Sources */,
				AA8661C22A782FC8009444C0 /* ToDoListItem.swift in Sources */,
				AA8661B62A782EBC009444C0 /* NewItemView.swift in Sources */,
				AA8661CA2A783041009444C0 /* NewItemViewViewModel.swift in Sources */,
			);
			runOnlyForDeploymentPostprocessing = 0;
		};
		AA8661822A782944009444C0 /* Sources */ = {
			isa = PBXSourcesBuildPhase;
			buildActionMask = 2147483647;
			files = (
				AA86618B2A782944009444C0 /* ToDoListTests.swift in Sources */,
			);
			runOnlyForDeploymentPostprocessing = 0;
		};
		AA86618C2A782944009444C0 /* Sources */ = {
			isa = PBXSourcesBuildPhase;
			buildActionMask = 2147483647;
			files = (
				AA8661972A782944009444C0 /* ToDoListUITestsLaunchTests.swift in Sources */,
				AA8661952A782944009444C0 /* ToDoListUITests.swift in Sources */,
			);
			runOnlyForDeploymentPostprocessing = 0;
		};
/* End PBXSourcesBuildPhase section */

/* Begin PBXTargetDependency section */
		AA8661882A782944009444C0 /* PBXTargetDependency */ = {
			isa = PBXTargetDependency;
			target = AA8661752A782942009444C0 /* ToDoList */;
			targetProxy = AA8661872A782944009444C0 /* PBXContainerItemProxy */;
		};
		AA8661922A782944009444C0 /* PBXTargetDependency */ = {
			isa = PBXTargetDependency;
			target = AA8661752A782942009444C0 /* ToDoList */;
			targetProxy = AA8661912A782944009444C0 /* PBXContainerItemProxy */;
		};
/* End PBXTargetDependency section */

/* Begin XCBuildConfiguration section */
		AA8661982A782944009444C0 /* Debug */ = {
			isa = XCBuildConfiguration;
			buildSettings = {
				ALWAYS_SEARCH_USER_PATHS = NO;
				CLANG_ANALYZER_NONNULL = YES;
				CLANG_ANALYZER_NUMBER_OBJECT_CONVERSION = YES_AGGRESSIVE;
				CLANG_CXX_LANGUAGE_STANDARD = "gnu++20";
				CLANG_ENABLE_MODULES = YES;
				CLANG_ENABLE_OBJC_ARC = YES;
				CLANG_ENABLE_OBJC_WEAK = YES;
				CLANG_WARN_BLOCK_CAPTURE_AUTORELEASING = YES;
				CLANG_WARN_BOOL_CONVERSION = YES;
				CLANG_WARN_COMMA = YES;
				CLANG_WARN_CONSTANT_CONVERSION = YES;
				CLANG_WARN_DEPRECATED_OBJC_IMPLEMENTATIONS = YES;
				CLANG_WARN_DIRECT_OBJC_ISA_USAGE = YES_ERROR;
				CLANG_WARN_DOCUMENTATION_COMMENTS = YES;
				CLANG_WARN_EMPTY_BODY = YES;
				CLANG_WARN_ENUM_CONVERSION = YES;
				CLANG_WARN_INFINITE_RECURSION = YES;
				CLANG_WARN_INT_CONVERSION = YES;
				CLANG_WARN_NON_LITERAL_NULL_CONVERSION = YES;
				CLANG_WARN_OBJC_IMPLICIT_RETAIN_SELF = YES;
				CLANG_WARN_OBJC_LITERAL_CONVERSION = YES;
				CLANG_WARN_OBJC_ROOT_CLASS = YES_ERROR;
				CLANG_WARN_QUOTED_INCLUDE_IN_FRAMEWORK_HEADER = YES;
				CLANG_WARN_RANGE_LOOP_ANALYSIS = YES;
				CLANG_WARN_STRICT_PROTOTYPES = YES;
				CLANG_WARN_SUSPICIOUS_MOVE = YES;
				CLANG_WARN_UNGUARDED_AVAILABILITY = YES_AGGRESSIVE;
				CLANG_WARN_UNREACHABLE_CODE = YES;
				CLANG_WARN__DUPLICATE_METHOD_MATCH = YES;
				COPY_PHASE_STRIP = NO;
				DEBUG_INFORMATION_FORMAT = dwarf;
				ENABLE_STRICT_OBJC_MSGSEND = YES;
				ENABLE_TESTABILITY = YES;
				GCC_C_LANGUAGE_STANDARD = gnu11;
				GCC_DYNAMIC_NO_PIC = NO;
				GCC_NO_COMMON_BLOCKS = YES;
				GCC_OPTIMIZATION_LEVEL = 0;
				GCC_PREPROCESSOR_DEFINITIONS = (
					"DEBUG=1",
					"$(inherited)",
				);
				GCC_WARN_64_TO_32_BIT_CONVERSION = YES;
				GCC_WARN_ABOUT_RETURN_TYPE = YES_ERROR;
				GCC_WARN_UNDECLARED_SELECTOR = YES;
				GCC_WARN_UNINITIALIZED_AUTOS = YES_AGGRESSIVE;
				GCC_WARN_UNUSED_FUNCTION = YES;
				GCC_WARN_UNUSED_VARIABLE = YES;
				IPHONEOS_DEPLOYMENT_TARGET = 16.4;
				MTL_ENABLE_DEBUG_INFO = INCLUDE_SOURCE;
				MTL_FAST_MATH = YES;
				ONLY_ACTIVE_ARCH = YES;
				SDKROOT = iphoneos;
				SWIFT_ACTIVE_COMPILATION_CONDITIONS = DEBUG;
				SWIFT_OPTIMIZATION_LEVEL = "-Onone";
			};
			name = Debug;
		};
		AA8661992A782944009444C0 /* Release */ = {
			isa = XCBuildConfiguration;
			buildSettings = {
				ALWAYS_SEARCH_USER_PATHS = NO;
				CLANG_ANALYZER_NONNULL = YES;
				CLANG_ANALYZER_NUMBER_OBJECT_CONVERSION = YES_AGGRESSIVE;
				CLANG_CXX_LANGUAGE_STANDARD = "gnu++20";
				CLANG_ENABLE_MODULES = YES;
				CLANG_ENABLE_OBJC_ARC = YES;
				CLANG_ENABLE_OBJC_WEAK = YES;
				CLANG_WARN_BLOCK_CAPTURE_AUTORELEASING = YES;
				CLANG_WARN_BOOL_CONVERSION = YES;
				CLANG_WARN_COMMA = YES;
				CLANG_WARN_CONSTANT_CONVERSION = YES;
				CLANG_WARN_DEPRECATED_OBJC_IMPLEMENTATIONS = YES;
				CLANG_WARN_DIRECT_OBJC_ISA_USAGE = YES_ERROR;
				CLANG_WARN_DOCUMENTATION_COMMENTS = YES;
				CLANG_WARN_EMPTY_BODY = YES;
				CLANG_WARN_ENUM_CONVERSION = YES;
				CLANG_WARN_INFINITE_RECURSION = YES;
				CLANG_WARN_INT_CONVERSION = YES;
				CLANG_WARN_NON_LITERAL_NULL_CONVERSION = YES;
				CLANG_WARN_OBJC_IMPLICIT_RETAIN_SELF = YES;
				CLANG_WARN_OBJC_LITERAL_CONVERSION = YES;
				CLANG_WARN_OBJC_ROOT_CLASS = YES_ERROR;
				CLANG_WARN_QUOTED_INCLUDE_IN_FRAMEWORK_HEADER = YES;
				CLANG_WARN_RANGE_LOOP_ANALYSIS = YES;
				CLANG_WARN_STRICT_PROTOTYPES = YES;
				CLANG_WARN_SUSPICIOUS_MOVE = YES;
				CLANG_WARN_UNGUARDED_AVAILABILITY = YES_AGGRESSIVE;
				CLANG_WARN_UNREACHABLE_CODE = YES;
				CLANG_WARN__DUPLICATE_METHOD_MATCH = YES;
				COPY_PHASE_STRIP = NO;
				DEBUG_INFORMATION_FORMAT = "dwarf-with-dsym";
				ENABLE_NS_ASSERTIONS = NO;
				ENABLE_STRICT_OBJC_MSGSEND = YES;
				GCC_C_LANGUAGE_STANDARD = gnu11;
				GCC_NO_COMMON_BLOCKS = YES;
				GCC_WARN_64_TO_32_BIT_CONVERSION = YES;
				GCC_WARN_ABOUT_RETURN_TYPE = YES_ERROR;
				GCC_WARN_UNDECLARED_SELECTOR = YES;
				GCC_WARN_UNINITIALIZED_AUTOS = YES_AGGRESSIVE;
				GCC_WARN_UNUSED_FUNCTION = YES;
				GCC_WARN_UNUSED_VARIABLE = YES;
				IPHONEOS_DEPLOYMENT_TARGET = 16.4;
				MTL_ENABLE_DEBUG_INFO = NO;
				MTL_FAST_MATH = YES;
				SDKROOT = iphoneos;
				SWIFT_COMPILATION_MODE = wholemodule;
				SWIFT_OPTIMIZATION_LEVEL = "-O";
				VALIDATE_PRODUCT = YES;
			};
			name = Release;
		};
		AA86619B2A782944009444C0 /* Debug */ = {
			isa = XCBuildConfiguration;
			buildSettings = {
				ASSETCATALOG_COMPILER_APPICON_NAME = AppIcon;
				ASSETCATALOG_COMPILER_GLOBAL_ACCENT_COLOR_NAME = AccentColor;
				CODE_SIGN_STYLE = Automatic;
				CURRENT_PROJECT_VERSION = 1;
				DEVELOPMENT_ASSET_PATHS = "\"ToDoList/Preview Content\"";
				DEVELOPMENT_TEAM = 44UXU53UD6;
				ENABLE_PREVIEWS = YES;
				GENERATE_INFOPLIST_FILE = YES;
				INFOPLIST_KEY_CFBundleDisplayName = "To Do List";
				INFOPLIST_KEY_UIApplicationSceneManifest_Generation = YES;
				INFOPLIST_KEY_UIApplicationSupportsIndirectInputEvents = YES;
				INFOPLIST_KEY_UILaunchScreen_Generation = YES;
				INFOPLIST_KEY_UILaunchStoryboardName = "Launch Screen.storyboard";
				INFOPLIST_KEY_UISupportedInterfaceOrientations_iPad = "UIInterfaceOrientationPortrait UIInterfaceOrientationPortraitUpsideDown UIInterfaceOrientationLandscapeLeft UIInterfaceOrientationLandscapeRight";
				INFOPLIST_KEY_UISupportedInterfaceOrientations_iPhone = "UIInterfaceOrientationPortrait UIInterfaceOrientationLandscapeLeft UIInterfaceOrientationLandscapeRight";
				LD_RUNPATH_SEARCH_PATHS = (
					"$(inherited)",
					"@executable_path/Frameworks",
				);
				MARKETING_VERSION = 1.0;
				PRODUCT_BUNDLE_IDENTIFIER = doubleclick.todolist;
				PRODUCT_NAME = "$(TARGET_NAME)";
				SWIFT_EMIT_LOC_STRINGS = YES;
				SWIFT_VERSION = 5.0;
				TARGETED_DEVICE_FAMILY = "1,2";
			};
			name = Debug;
		};
		AA86619C2A782944009444C0 /* Release */ = {
			isa = XCBuildConfiguration;
			buildSettings = {
				ASSETCATALOG_COMPILER_APPICON_NAME = AppIcon;
				ASSETCATALOG_COMPILER_GLOBAL_ACCENT_COLOR_NAME = AccentColor;
				CODE_SIGN_STYLE = Automatic;
				CURRENT_PROJECT_VERSION = 1;
				DEVELOPMENT_ASSET_PATHS = "\"ToDoList/Preview Content\"";
				DEVELOPMENT_TEAM = 44UXU53UD6;
				ENABLE_PREVIEWS = YES;
				GENERATE_INFOPLIST_FILE = YES;
				INFOPLIST_KEY_CFBundleDisplayName = "To Do List";
				INFOPLIST_KEY_UIApplicationSceneManifest_Generation = YES;
				INFOPLIST_KEY_UIApplicationSupportsIndirectInputEvents = YES;
				INFOPLIST_KEY_UILaunchScreen_Generation = YES;
				INFOPLIST_KEY_UILaunchStoryboardName = "Launch Screen.storyboard";
				INFOPLIST_KEY_UISupportedInterfaceOrientations_iPad = "UIInterfaceOrientationPortrait UIInterfaceOrientationPortraitUpsideDown UIInterfaceOrientationLandscapeLeft UIInterfaceOrientationLandscapeRight";
				INFOPLIST_KEY_UISupportedInterfaceOrientations_iPhone = "UIInterfaceOrientationPortrait UIInterfaceOrientationLandscapeLeft UIInterfaceOrientationLandscapeRight";
				LD_RUNPATH_SEARCH_PATHS = (
					"$(inherited)",
					"@executable_path/Frameworks",
				);
				MARKETING_VERSION = 1.0;
				PRODUCT_BUNDLE_IDENTIFIER = doubleclick.todolist;
				PRODUCT_NAME = "$(TARGET_NAME)";
				SWIFT_EMIT_LOC_STRINGS = YES;
				SWIFT_VERSION = 5.0;
				TARGETED_DEVICE_FAMILY = "1,2";
			};
			name = Release;
		};
		AA86619E2A782944009444C0 /* Debug */ = {
			isa = XCBuildConfiguration;
			buildSettings = {
				ALWAYS_EMBED_SWIFT_STANDARD_LIBRARIES = YES;
				BUNDLE_LOADER = "$(TEST_HOST)";
				CODE_SIGN_STYLE = Automatic;
				CURRENT_PROJECT_VERSION = 1;
				GENERATE_INFOPLIST_FILE = YES;
				IPHONEOS_DEPLOYMENT_TARGET = 16.4;
				MARKETING_VERSION = 1.0;
				PRODUCT_BUNDLE_IDENTIFIER = doubleclick.ToDoListTests;
				PRODUCT_NAME = "$(TARGET_NAME)";
				SWIFT_EMIT_LOC_STRINGS = NO;
				SWIFT_VERSION = 5.0;
				TARGETED_DEVICE_FAMILY = "1,2";
				TEST_HOST = "$(BUILT_PRODUCTS_DIR)/ToDoList.app/$(BUNDLE_EXECUTABLE_FOLDER_PATH)/ToDoList";
			};
			name = Debug;
		};
		AA86619F2A782944009444C0 /* Release */ = {
			isa = XCBuildConfiguration;
			buildSettings = {
				ALWAYS_EMBED_SWIFT_STANDARD_LIBRARIES = YES;
				BUNDLE_LOADER = "$(TEST_HOST)";
				CODE_SIGN_STYLE = Automatic;
				CURRENT_PROJECT_VERSION = 1;
				GENERATE_INFOPLIST_FILE = YES;
				IPHONEOS_DEPLOYMENT_TARGET = 16.4;
				MARKETING_VERSION = 1.0;
				PRODUCT_BUNDLE_IDENTIFIER = doubleclick.ToDoListTests;
				PRODUCT_NAME = "$(TARGET_NAME)";
				SWIFT_EMIT_LOC_STRINGS = NO;
				SWIFT_VERSION = 5.0;
				TARGETED_DEVICE_FAMILY = "1,2";
				TEST_HOST = "$(BUILT_PRODUCTS_DIR)/ToDoList.app/$(BUNDLE_EXECUTABLE_FOLDER_PATH)/ToDoList";
			};
			name = Release;
		};
		AA8661A12A782944009444C0 /* Debug */ = {
			isa = XCBuildConfiguration;
			buildSettings = {
				ALWAYS_EMBED_SWIFT_STANDARD_LIBRARIES = YES;
				CODE_SIGN_STYLE = Automatic;
				CURRENT_PROJECT_VERSION = 1;
				GENERATE_INFOPLIST_FILE = YES;
				MARKETING_VERSION = 1.0;
				PRODUCT_BUNDLE_IDENTIFIER = doubleclick.ToDoListUITests;
				PRODUCT_NAME = "$(TARGET_NAME)";
				SWIFT_EMIT_LOC_STRINGS = NO;
				SWIFT_VERSION = 5.0;
				TARGETED_DEVICE_FAMILY = "1,2";
				TEST_TARGET_NAME = ToDoList;
			};
			name = Debug;
		};
		AA8661A22A782944009444C0 /* Release */ = {
			isa = XCBuildConfiguration;
			buildSettings = {
				ALWAYS_EMBED_SWIFT_STANDARD_LIBRARIES = YES;
				CODE_SIGN_STYLE = Automatic;
				CURRENT_PROJECT_VERSION = 1;
				GENERATE_INFOPLIST_FILE = YES;
				MARKETING_VERSION = 1.0;
				PRODUCT_BUNDLE_IDENTIFIER = doubleclick.ToDoListUITests;
				PRODUCT_NAME = "$(TARGET_NAME)";
				SWIFT_EMIT_LOC_STRINGS = NO;
				SWIFT_VERSION = 5.0;
				TARGETED_DEVICE_FAMILY = "1,2";
				TEST_TARGET_NAME = ToDoList;
			};
			name = Release;
		};
/* End XCBuildConfiguration section */

/* Begin XCConfigurationList section */
		AA8661712A782942009444C0 /* Build configuration list for PBXProject "ToDoList" */ = {
			isa = XCConfigurationList;
			buildConfigurations = (
				AA8661982A782944009444C0 /* Debug */,
				AA8661992A782944009444C0 /* Release */,
			);
			defaultConfigurationIsVisible = 0;
			defaultConfigurationName = Release;
		};
		AA86619A2A782944009444C0 /* Build configuration list for PBXNativeTarget "ToDoList" */ = {
			isa = XCConfigurationList;
			buildConfigurations = (
				AA86619B2A782944009444C0 /* Debug */,
				AA86619C2A782944009444C0 /* Release */,
			);
			defaultConfigurationIsVisible = 0;
			defaultConfigurationName = Release;
		};
		AA86619D2A782944009444C0 /* Build configuration list for PBXNativeTarget "ToDoListTests" */ = {
			isa = XCConfigurationList;
			buildConfigurations = (
				AA86619E2A782944009444C0 /* Debug */,
				AA86619F2A782944009444C0 /* Release */,
			);
			defaultConfigurationIsVisible = 0;
			defaultConfigurationName = Release;
		};
		AA8661A02A782944009444C0 /* Build configuration list for PBXNativeTarget "ToDoListUITests" */ = {
			isa = XCConfigurationList;
			buildConfigurations = (
				AA8661A12A782944009444C0 /* Debug */,
				AA8661A22A782944009444C0 /* Release */,
			);
			defaultConfigurationIsVisible = 0;
			defaultConfigurationName = Release;
		};
/* End XCConfigurationList section */

/* Begin XCRemoteSwiftPackageReference section */
		AA8661A32A782A32009444C0 /* XCRemoteSwiftPackageReference "firebase-ios-sdk" */ = {
			isa = XCRemoteSwiftPackageReference;
			repositoryURL = "https://github.com/firebase/firebase-ios-sdk";
			requirement = {
				kind = upToNextMajorVersion;
				minimumVersion = 10.0.0;
			};
		};
/* End XCRemoteSwiftPackageReference section */

/* Begin XCSwiftPackageProductDependency section */
		AA8661A42A782A32009444C0 /* FirebaseAuth */ = {
			isa = XCSwiftPackageProductDependency;
			package = AA8661A32A782A32009444C0 /* XCRemoteSwiftPackageReference "firebase-ios-sdk" */;
			productName = FirebaseAuth;
		};
		AA8661A62A782A32009444C0 /* FirebaseFirestore */ = {
			isa = XCSwiftPackageProductDependency;
			package = AA8661A32A782A32009444C0 /* XCRemoteSwiftPackageReference "firebase-ios-sdk" */;
			productName = FirebaseFirestore;
		};
		AA8661A82A782A32009444C0 /* FirebaseFirestoreSwift */ = {
			isa = XCSwiftPackageProductDependency;
			package = AA8661A32A782A32009444C0 /* XCRemoteSwiftPackageReference "firebase-ios-sdk" */;
			productName = FirebaseFirestoreSwift;
		};
/* End XCSwiftPackageProductDependency section */
	};
	rootObject = AA86616E2A782942009444C0 /* Project object */;
}
